
Microsoft Visual Studio Solution File, Format Version 12.00
# Visual Studio 14
VisualStudioVersion = 14.0.24720.0
MinimumVisualStudioVersion = 10.0.40219.1
Project("{FAE04EC0-301F-11D3-BF4B-00C04F79EFBC}") = "GenericVoting", "GenericVoting\GenericVoting.csproj", "{C6A2BDA6-5147-4EA4-91D1-1EB5ACDF1217}"
EndProject
Project("{FAE04EC0-301F-11D3-BF4B-00C04F79EFBC}") = "Generic_Library", "Generic_Library\Generic_Library.csproj", "{CE5EBD07-DC21-4F4E-B212-55F2A6003F0E}"
EndProject
Global
	GlobalSection(SolutionConfigurationPlatforms) = preSolution
		Debug|Any CPU = Debug|Any CPU
		Release|Any CPU = Release|Any CPU
	EndGlobalSection
	GlobalSection(ProjectConfigurationPlatforms) = postSolution
		{C6A2BDA6-5147-4EA4-91D1-1EB5ACDF1217}.Debug|Any CPU.ActiveCfg = Debug|Any CPU
		{C6A2BDA6-5147-4EA4-91D1-1EB5ACDF1217}.Debug|Any CPU.Build.0 = Debug|Any CPU
		{C6A2BDA6-5147-4EA4-91D1-1EB5ACDF1217}.Release|Any CPU.ActiveCfg = Release|Any CPU
		{C6A2BDA6-5147-4EA4-91D1-1EB5ACDF1217}.Release|Any CPU.Build.0 = Release|Any CPU
		{CE5EBD07-DC21-4F4E-B212-55F2A6003F0E}.Debug|Any CPU.ActiveCfg = Debug|Any CPU
		{CE5EBD07-DC21-4F4E-B212-55F2A6003F0E}.Debug|Any CPU.Build.0 = Debug|Any CPU
		{CE5EBD07-DC21-4F4E-B212-55F2A6003F0E}.Release|Any CPU.ActiveCfg = Release|Any CPU
		{CE5EBD07-DC21-4F4E-B212-55F2A6003F0E}.Release|Any CPU.Build.0 = Release|Any CPU
	EndGlobalSection
	GlobalSection(SolutionProperties) = preSolution
		HideSolutionNode = FALSE
	EndGlobalSection
EndGlobal
